github.com/IBM/sarama v1.43.0/go.mod h1:zlE6HEbC/SMQ9mhEYaF7nNLYOUyrs0obySKCckWP9BM=
github.com/ThreeDotsLabs/watermill v1.3.5/go.mod h1:O/u/Ptyrk5MPTxSeWM5vzTtZcZfxXfO9PK9eXTYiFZY=
github.com/ThreeDotsLabs/watermill-kafka/v3 v3.0.0/go.mod h1:VPGwfsuZOEBcS2DKuq8DYMAMzir/eqCSXbNvMUy5bvs=
github.com/google/uuid v1.6.0/go.mod h1:TIyPZe4MgqvfeYDBFedMoGGpEw/LqOeaOT+nhxU+yHo=
github.com/pkg/errors v0.9.1/go.mod h1:bwawxfHBFNV+L2hUp1rHADufV3IMtnDRdf1r5NINEl0=
